
Microsoft Visual Studio Solution File, Format Version 12.00
# Visual Studio Version 17
VisualStudioVersion = 17.7.34221.43
MinimumVisualStudioVersion = 10.0.40219.1
Project("{FAE04EC0-301F-11D3-BF4B-00C04F79EFBC}") = "Proekt", "Proekt.csproj", "{18D1620A-36A0-43FD-B242-5D5450EDB936}"
EndProject
Global
	GlobalSection(SolutionConfigurationPlatforms) = preSolution
		Debug|Any CPU = Debug|Any CPU
		Release|Any CPU = Release|Any CPU
	EndGlobalSection
	GlobalSection(ProjectConfigurationPlatforms) = postSolution
		{18D1620A-36A0-43FD-B242-5D5450EDB936}.Debug|Any CPU.ActiveCfg = Debug|Any CPU
		{18D1620A-36A0-43FD-B242-5D5450EDB936}.Debug|Any CPU.Build.0 = Debug|Any CPU
		{18D1620A-36A0-43FD-B242-5D5450EDB936}.Release|Any CPU.ActiveCfg = Release|Any CPU
		{18D1620A-36A0-43FD-B242-5D5450EDB936}.Release|Any CPU.Build.0 = Release|Any CPU
	EndGlobalSection
	GlobalSection(SolutionProperties) = preSolution
		HideSolutionNode = FALSE
	EndGlobalSection
	GlobalSection(ExtensibilityGlobals) = postSolution
		SolutionGuid = {1A7BA0F5-C950-45A6-87CD-7EFDE1A00385}
	EndGlobalSection
EndGlobal
